// !$*UTF8*$!
{
	archiveVersion = 1;
	classes = {
	};
	objectVersion = 50;
	objects = {

/* Begin PBXBuildFile section */
		855EBC566F608DA2A35BE96C /* Pods_ARCarstom.framework in Frameworks */ = {isa = PBXBuildFile; fileRef = 64C87AE5DC28C89C4DDFA870 /* Pods_ARCarstom.framework */; };
		8B8C5CB8229C7BF6008BC0F2 /* CustomGestureRecognizer.swift in Sources */ = {isa = PBXBuildFile; fileRef = 8B8C5CB7229C7BF6008BC0F2 /* CustomGestureRecognizer.swift */; };
		8B97AA62228C284200C6E270 /* ColorExtension.swift in Sources */ = {isa = PBXBuildFile; fileRef = 8B97AA61228C284200C6E270 /* ColorExtension.swift */; };
		8B9A08852286EB160002BEE5 /* AppDelegate.swift in Sources */ = {isa = PBXBuildFile; fileRef = 8B9A08842286EB160002BEE5 /* AppDelegate.swift */; };
		8B9A08892286EB160002BEE5 /* ViewController.swift in Sources */ = {isa = PBXBuildFile; fileRef = 8B9A08882286EB160002BEE5 /* ViewController.swift */; };
		8B9A088C2286EB160002BEE5 /* Main.storyboard in Resources */ = {isa = PBXBuildFile; fileRef = 8B9A088A2286EB160002BEE5 /* Main.storyboard */; };
		8B9A088E2286EB160002BEE5 /* Assets.xcassets in Resources */ = {isa = PBXBuildFile; fileRef = 8B9A088D2286EB160002BEE5 /* Assets.xcassets */; };
		8B9A08912286EB160002BEE5 /* LaunchScreen.storyboard in Resources */ = {isa = PBXBuildFile; fileRef = 8B9A088F2286EB160002BEE5 /* LaunchScreen.storyboard */; };
		8B9FF27722877AF900F4C969 /* scnassets in Resources */ = {isa = PBXBuildFile; fileRef = 8B9FF27622877AF900F4C969 /* scnassets */; };
		8BCBE6632299FCAB002F6EB0 /* Directions.swift in Sources */ = {isa = PBXBuildFile; fileRef = 8BCBE6622299FCAB002F6EB0 /* Directions.swift */; };
		8BCBE665229A0343002F6EB0 /* DeviceHelper.swift in Sources */ = {isa = PBXBuildFile; fileRef = 8BCBE664229A0343002F6EB0 /* DeviceHelper.swift */; };
/* End PBXBuildFile section */

/* Begin PBXFileReference section */
		2DF95171F16519515772A046 /* Pods-ARCarstom.release.xcconfig */ = {isa = PBXFileReference; includeInIndex = 1; lastKnownFileType = text.xcconfig; name = "Pods-ARCarstom.release.xcconfig"; path = "Target Support Files/Pods-ARCarstom/Pods-ARCarstom.release.xcconfig"; sourceTree = "<group>"; };
		64C87AE5DC28C89C4DDFA870 /* Pods_ARCarstom.framework */ = {isa = PBXFileReference; explicitFileType = wrapper.framework; includeInIndex = 0; path = Pods_ARCarstom.framework; sourceTree = BUILT_PRODUCTS_DIR; };
		87B6D79152EB5E75343C8677 /* Pods-ARCarstom.debug.xcconfig */ = {isa = PBXFileReference; includeInIndex = 1; lastKnownFileType = text.xcconfig; name = "Pods-ARCarstom.debug.xcconfig"; path = "Target Support Files/Pods-ARCarstom/Pods-ARCarstom.debug.xcconfig"; sourceTree = "<group>"; };
		8B8C5CB7229C7BF6008BC0F2 /* CustomGestureRecognizer.swift */ = {isa = PBXFileReference; lastKnownFileType = sourcecode.swift; path = CustomGestureRecognizer.swift; sourceTree = "<group>"; };
		8B97AA61228C284200C6E270 /* ColorExtension.swift */ = {isa = PBXFileReference; lastKnownFileType = sourcecode.swift; path = ColorExtension.swift; sourceTree = "<group>"; };
		8B9A08812286EB160002BEE5 /* ARCarstom.app */ = {isa = PBXFileReference; explicitFileType = wrapper.application; includeInIndex = 0; path = ARCarstom.app; sourceTree = BUILT_PRODUCTS_DIR; };
		8B9A08842286EB160002BEE5 /* AppDelegate.swift */ = {isa = PBXFileReference; lastKnownFileType = sourcecode.swift; path = AppDelegate.swift; sourceTree = "<group>"; };
		8B9A08882286EB160002BEE5 /* ViewController.swift */ = {isa = PBXFileReference; lastKnownFileType = sourcecode.swift; path = ViewController.swift; sourceTree = "<group>"; };
		8B9A088B2286EB160002BEE5 /* Base */ = {isa = PBXFileReference; lastKnownFileType = file.storyboard; name = Base; path = Base.lproj/Main.storyboard; sourceTree = "<group>"; };
		8B9A088D2286EB160002BEE5 /* Assets.xcassets */ = {isa = PBXFileReference; lastKnownFileType = folder.assetcatalog; path = Assets.xcassets; sourceTree = "<group>"; };
		8B9A08902286EB160002BEE5 /* Base */ = {isa = PBXFileReference; lastKnownFileType = file.storyboard; name = Base; path = Base.lproj/LaunchScreen.storyboard; sourceTree = "<group>"; };
		8B9A08922286EB160002BEE5 /* Info.plist */ = {isa = PBXFileReference; lastKnownFileType = text.plist.xml; path = Info.plist; sourceTree = "<group>"; };
		8B9FF27622877AF900F4C969 /* scnassets */ = {isa = PBXFileReference; lastKnownFileType = folder; path = scnassets; sourceTree = "<group>"; };
		8BCBE6622299FCAB002F6EB0 /* Directions.swift */ = {isa = PBXFileReference; lastKnownFileType = sourcecode.swift; path = Directions.swift; sourceTree = "<group>"; };
		8BCBE664229A0343002F6EB0 /* DeviceHelper.swift */ = {isa = PBXFileReference; lastKnownFileType = sourcecode.swift; path = DeviceHelper.swift; sourceTree = "<group>"; };
/* End PBXFileReference section */

/* Begin PBXFrameworksBuildPhase section */
		8B9A087E2286EB160002BEE5 /* Frameworks */ = {
			isa = PBXFrameworksBuildPhase;
			buildActionMask = 2147483647;
			files = (
				855EBC566F608DA2A35BE96C /* Pods_ARCarstom.framework in Frameworks */,
			);
			runOnlyForDeploymentPostprocessing = 0;
		};
/* End PBXFrameworksBuildPhase section */

/* Begin PBXGroup section */
		15C5AB01A60BF5E29C828471 /* Frameworks */ = {
			isa = PBXGroup;
			children = (
				64C87AE5DC28C89C4DDFA870 /* Pods_ARCarstom.framework */,
			);
			name = Frameworks;
			sourceTree = "<group>";
		};
		1C972138F4FB43088D802ADA /* Pods */ = {
			isa = PBXGroup;
			children = (
				87B6D79152EB5E75343C8677 /* Pods-ARCarstom.debug.xcconfig */,
				2DF95171F16519515772A046 /* Pods-ARCarstom.release.xcconfig */,
			);
			path = Pods;
			sourceTree = "<group>";
		};
		8B84181D2299FC7C00BB10BC /* Enums */ = {
			isa = PBXGroup;
			children = (
				8BCBE6622299FCAB002F6EB0 /* Directions.swift */,
			);
			path = Enums;
			sourceTree = "<group>";
		};
		8B97AA5F228C18AF00C6E270 /* Helpers */ = {
			isa = PBXGroup;
			children = (
				8B97AA61228C284200C6E270 /* ColorExtension.swift */,
				8BCBE664229A0343002F6EB0 /* DeviceHelper.swift */,
				8B8C5CB7229C7BF6008BC0F2 /* CustomGestureRecognizer.swift */,
			);
			path = Helpers;
			sourceTree = "<group>";
		};
		8B9A08782286EB160002BEE5 = {
			isa = PBXGroup;
			children = (
				8B9A08832286EB160002BEE5 /* ARCarstom */,
				8B9A08822286EB160002BEE5 /* Products */,
				1C972138F4FB43088D802ADA /* Pods */,
				15C5AB01A60BF5E29C828471 /* Frameworks */,
			);
			sourceTree = "<group>";
		};
		8B9A08822286EB160002BEE5 /* Products */ = {
			isa = PBXGroup;
			children = (
				8B9A08812286EB160002BEE5 /* ARCarstom.app */,
			);
			name = Products;
			sourceTree = "<group>";
		};
		8B9A08832286EB160002BEE5 /* ARCarstom */ = {
			isa = PBXGroup;
			children = (
				8B84181D2299FC7C00BB10BC /* Enums */,
				8BB52F5B22966B1000951680 /* CustomViews */,
				8B97AA5F228C18AF00C6E270 /* Helpers */,
				8B9FF27622877AF900F4C969 /* scnassets */,
				8B9A08842286EB160002BEE5 /* AppDelegate.swift */,
				8B9A08882286EB160002BEE5 /* ViewController.swift */,
				8B9A088A2286EB160002BEE5 /* Main.storyboard */,
				8B9A088D2286EB160002BEE5 /* Assets.xcassets */,
				8B9A088F2286EB160002BEE5 /* LaunchScreen.storyboard */,
				8B9A08922286EB160002BEE5 /* Info.plist */,
			);
			path = ARCarstom;
			sourceTree = "<group>";
		};
		8BB52F5B22966B1000951680 /* CustomViews */ = {
			isa = PBXGroup;
			children = (
			);
			path = CustomViews;
			sourceTree = "<group>";
		};
/* End PBXGroup section */

/* Begin PBXNativeTarget section */
		8B9A08802286EB160002BEE5 /* ARCarstom */ = {
			isa = PBXNativeTarget;
			buildConfigurationList = 8B9A08952286EB160002BEE5 /* Build configuration list for PBXNativeTarget "ARCarstom" */;
			buildPhases = (
				3B3E3B6664C5448EBC6082C9 /* [CP] Check Pods Manifest.lock */,
				8B9A087D2286EB160002BEE5 /* Sources */,
				8B9A087E2286EB160002BEE5 /* Frameworks */,
				8B9A087F2286EB160002BEE5 /* Resources */,
				3CAA5D7D37858795CC4F654A /* [CP] Embed Pods Frameworks */,
			);
			buildRules = (
			);
			dependencies = (
			);
			name = ARCarstom;
			productName = ARCarstom;
			productReference = 8B9A08812286EB160002BEE5 /* ARCarstom.app */;
			productType = "com.apple.product-type.application";
		};
/* End PBXNativeTarget section */

/* Begin PBXProject section */
		8B9A08792286EB160002BEE5 /* Project object */ = {
			isa = PBXProject;
			attributes = {
				LastSwiftUpdateCheck = 1020;
				LastUpgradeCheck = 1020;
				ORGANIZATIONNAME = "Максим Матусевич";
				TargetAttributes = {
					8B9A08802286EB160002BEE5 = {
						CreatedOnToolsVersion = 10.2.1;
					};
				};
			};
			buildConfigurationList = 8B9A087C2286EB160002BEE5 /* Build configuration list for PBXProject "ARCarstom" */;
			compatibilityVersion = "Xcode 9.3";
			developmentRegion = en;
			hasScannedForEncodings = 0;
			knownRegions = (
				en,
				Base,
			);
			mainGroup = 8B9A08782286EB160002BEE5;
			productRefGroup = 8B9A08822286EB160002BEE5 /* Products */;
			projectDirPath = "";
			projectRoot = "";
			targets = (
				8B9A08802286EB160002BEE5 /* ARCarstom */,
			);
		};
/* End PBXProject section */

/* Begin PBXResourcesBuildPhase section */
		8B9A087F2286EB160002BEE5 /* Resources */ = {
			isa = PBXResourcesBuildPhase;
			buildActionMask = 2147483647;
			files = (
				8B9FF27722877AF900F4C969 /* scnassets in Resources */,
				8B9A08912286EB160002BEE5 /* LaunchScreen.storyboard in Resources */,
				8B9A088E2286EB160002BEE5 /* Assets.xcassets in Resources */,
				8B9A088C2286EB160002BEE5 /* Main.storyboard in Resources */,
			);
			runOnlyForDeploymentPostprocessing = 0;
		};
/* End PBXResourcesBuildPhase section */

/* Begin PBXShellScriptBuildPhase section */
		3B3E3B6664C5448EBC6082C9 /* [CP] Check Pods Manifest.lock */ = {
			isa = PBXShellScriptBuildPhase;
			buildActionMask = 2147483647;
			files = (
			);
			inputFileListPaths = (
			);
			inputPaths = (
				"${PODS_PODFILE_DIR_PATH}/Podfile.lock",
				"${PODS_ROOT}/Manifest.lock",
			);
			name = "[CP] Check Pods Manifest.lock";
			outputFileListPaths = (
			);
			outputPaths = (
				"$(DERIVED_FILE_DIR)/Pods-ARCarstom-checkManifestLockResult.txt",
			);
			runOnlyForDeploymentPostprocessing = 0;
			shellPath = /bin/sh;
			shellScript = "diff \"${PODS_PODFILE_DIR_PATH}/Podfile.lock\" \"${PODS_ROOT}/Manifest.lock\" > /dev/null\nif [ $? != 0 ] ; then\n    # print error to STDERR\n    echo \"error: The sandbox is not in sync with the Podfile.lock. Run 'pod install' or update your CocoaPods installation.\" >&2\n    exit 1\nfi\n# This output is used by Xcode 'outputs' to avoid re-running this script phase.\necho \"SUCCESS\" > \"${SCRIPT_OUTPUT_FILE_0}\"\n";
			showEnvVarsInLog = 0;
		};
		3CAA5D7D37858795CC4F654A /* [CP] Embed Pods Frameworks */ = {
			isa = PBXShellScriptBuildPhase;
			buildActionMask = 2147483647;
			files = (
			);
			inputFileListPaths = (
			);
			inputPaths = (
				"${PODS_ROOT}/Target Support Files/Pods-ARCarstom/Pods-ARCarstom-frameworks.sh",
				"${BUILT_PRODUCTS_DIR}/PortalMask/PortalMask.framework",
				"${BUILT_PRODUCTS_DIR}/PureLayout/PureLayout.framework",
			);
			name = "[CP] Embed Pods Frameworks";
			outputFileListPaths = (
			);
			outputPaths = (
				"${TARGET_BUILD_DIR}/${FRAMEWORKS_FOLDER_PATH}/PortalMask.framework",
				"${TARGET_BUILD_DIR}/${FRAMEWORKS_FOLDER_PATH}/PureLayout.framework",
			);
			runOnlyForDeploymentPostprocessing = 0;
			shellPath = /bin/sh;
			shellScript = "\"${PODS_ROOT}/Target Support Files/Pods-ARCarstom/Pods-ARCarstom-frameworks.sh\"\n";
			showEnvVarsInLog = 0;
		};
/* End PBXShellScriptBuildPhase section */

/* Begin PBXSourcesBuildPhase section */
		8B9A087D2286EB160002BEE5 /* Sources */ = {
			isa = PBXSourcesBuildPhase;
			buildActionMask = 2147483647;
			files = (
				8B97AA62228C284200C6E270 /* ColorExtension.swift in Sources */,
				8BCBE665229A0343002F6EB0 /* DeviceHelper.swift in Sources */,
				8B8C5CB8229C7BF6008BC0F2 /* CustomGestureRecognizer.swift in Sources */,
				8B9A08892286EB160002BEE5 /* ViewController.swift in Sources */,
				8B9A08852286EB160002BEE5 /* AppDelegate.swift in Sources */,
				8BCBE6632299FCAB002F6EB0 /* Directions.swift in Sources */,
			);
			runOnlyForDeploymentPostprocessing = 0;
		};
/* End PBXSourcesBuildPhase section */

/* Begin PBXVariantGroup section */
		8B9A088A2286EB160002BEE5 /* Main.storyboard */ = {
			isa = PBXVariantGroup;
			children = (
				8B9A088B2286EB160002BEE5 /* Base */,
			);
			name = Main.storyboard;
			sourceTree = "<group>";
		};
		8B9A088F2286EB160002BEE5 /* LaunchScreen.storyboard */ = {
			isa = PBXVariantGroup;
			children = (
				8B9A08902286EB160002BEE5 /* Base */,
			);
			name = LaunchScreen.storyboard;
			sourceTree = "<group>";
		};
/* End PBXVariantGroup section */

/* Begin XCBuildConfiguration section */
		8B9A08932286EB160002BEE5 /* Debug */ = {
			isa = XCBuildConfiguration;
			buildSettings = {
				ALWAYS_SEARCH_USER_PATHS = NO;
				CLANG_ANALYZER_NONNULL = YES;
				CLANG_ANALYZER_NUMBER_OBJECT_CONVERSION = YES_AGGRESSIVE;
				CLANG_CXX_LANGUAGE_STANDARD = "gnu++14";
				CLANG_CXX_LIBRARY = "libc++";
				CLANG_ENABLE_MODULES = YES;
				CLANG_ENABLE_OBJC_ARC = YES;
				CLANG_ENABLE_OBJC_WEAK = YES;
				CLANG_WARN_BLOCK_CAPTURE_AUTORELEASING = YES;
				CLANG_WARN_BOOL_CONVERSION = YES;
				CLANG_WARN_COMMA = YES;
				CLANG_WARN_CONSTANT_CONVERSION = YES;
				CLANG_WARN_DEPRECATED_OBJC_IMPLEMENTATIONS = YES;
				CLANG_WARN_DIRECT_OBJC_ISA_USAGE = YES_ERROR;
				CLANG_WARN_DOCUMENTATION_COMMENTS = YES;
				CLANG_WARN_EMPTY_BODY = YES;
				CLANG_WARN_ENUM_CONVERSION = YES;
				CLANG_WARN_INFINITE_RECURSION = YES;
				CLANG_WARN_INT_CONVERSION = YES;
				CLANG_WARN_NON_LITERAL_NULL_CONVERSION = YES;
				CLANG_WARN_OBJC_IMPLICIT_RETAIN_SELF = YES;
				CLANG_WARN_OBJC_LITERAL_CONVERSION = YES;
				CLANG_WARN_OBJC_ROOT_CLASS = YES_ERROR;
				CLANG_WARN_RANGE_LOOP_ANALYSIS = YES;
				CLANG_WARN_STRICT_PROTOTYPES = YES;
				CLANG_WARN_SUSPICIOUS_MOVE = YES;
				CLANG_WARN_UNGUARDED_AVAILABILITY = YES_AGGRESSIVE;
				CLANG_WARN_UNREACHABLE_CODE = YES;
				CLANG_WARN__DUPLICATE_METHOD_MATCH = YES;
				CODE_SIGN_IDENTITY = "iPhone Developer";
				COPY_PHASE_STRIP = NO;
				DEBUG_INFORMATION_FORMAT = dwarf;
				ENABLE_STRICT_OBJC_MSGSEND = YES;
				ENABLE_TESTABILITY = YES;
				GCC_C_LANGUAGE_STANDARD = gnu11;
				GCC_DYNAMIC_NO_PIC = NO;
				GCC_NO_COMMON_BLOCKS = YES;
				GCC_OPTIMIZATION_LEVEL = 0;
				GCC_PREPROCESSOR_DEFINITIONS = (
					"DEBUG=1",
					"$(inherited)",
				);
				GCC_WARN_64_TO_32_BIT_CONVERSION = YES;
				GCC_WARN_ABOUT_RETURN_TYPE = YES_ERROR;
				GCC_WARN_UNDECLARED_SELECTOR = YES;
				GCC_WARN_UNINITIALIZED_AUTOS = YES_AGGRESSIVE;
				GCC_WARN_UNUSED_FUNCTION = YES;
				GCC_WARN_UNUSED_VARIABLE = YES;
				IPHONEOS_DEPLOYMENT_TARGET = 12.2;
				MTL_ENABLE_DEBUG_INFO = INCLUDE_SOURCE;
				MTL_FAST_MATH = YES;
				ONLY_ACTIVE_ARCH = YES;
				SDKROOT = iphoneos;
				SWIFT_ACTIVE_COMPILATION_CONDITIONS = DEBUG;
				SWIFT_OPTIMIZATION_LEVEL = "-Onone";
			};
			name = Debug;
		};
		8B9A08942286EB160002BEE5 /* Release */ = {
			isa = XCBuildConfiguration;
			buildSettings = {
				ALWAYS_SEARCH_USER_PATHS = NO;
				CLANG_ANALYZER_NONNULL = YES;
				CLANG_ANALYZER_NUMBER_OBJECT_CONVERSION = YES_AGGRESSIVE;
				CLANG_CXX_LANGUAGE_STANDARD = "gnu++14";
				CLANG_CXX_LIBRARY = "libc++";
				CLANG_ENABLE_MODULES = YES;
				CLANG_ENABLE_OBJC_ARC = YES;
				CLANG_ENABLE_OBJC_WEAK = YES;
				CLANG_WARN_BLOCK_CAPTURE_AUTORELEASING = YES;
				CLANG_WARN_BOOL_CONVERSION = YES;
				CLANG_WARN_COMMA = YES;
				CLANG_WARN_CONSTANT_CONVERSION = YES;
				CLANG_WARN_DEPRECATED_OBJC_IMPLEMENTATIONS = YES;
				CLANG_WARN_DIRECT_OBJC_ISA_USAGE = YES_ERROR;
				CLANG_WARN_DOCUMENTATION_COMMENTS = YES;
				CLANG_WARN_EMPTY_BODY = YES;
				CLANG_WARN_ENUM_CONVERSION = YES;
				CLANG_WARN_INFINITE_RECURSION = YES;
				CLANG_WARN_INT_CONVERSION = YES;
				CLANG_WARN_NON_LITERAL_NULL_CONVERSION = YES;
				CLANG_WARN_OBJC_IMPLICIT_RETAIN_SELF = YES;
				CLANG_WARN_OBJC_LITERAL_CONVERSION = YES;
				CLANG_WARN_OBJC_ROOT_CLASS = YES_ERROR;
				CLANG_WARN_RANGE_LOOP_ANALYSIS = YES;
				CLANG_WARN_STRICT_PROTOTYPES = YES;
				CLANG_WARN_SUSPICIOUS_MOVE = YES;
				CLANG_WARN_UNGUARDED_AVAILABILITY = YES_AGGRESSIVE;
				CLANG_WARN_UNREACHABLE_CODE = YES;
				CLANG_WARN__DUPLICATE_METHOD_MATCH = YES;
				CODE_SIGN_IDENTITY = "iPhone Developer";
				COPY_PHASE_STRIP = NO;
				DEBUG_INFORMATION_FORMAT = "dwarf-with-dsym";
				ENABLE_NS_ASSERTIONS = NO;
				ENABLE_STRICT_OBJC_MSGSEND = YES;
				GCC_C_LANGUAGE_STANDARD = gnu11;
				GCC_NO_COMMON_BLOCKS = YES;
				GCC_WARN_64_TO_32_BIT_CONVERSION = YES;
				GCC_WARN_ABOUT_RETURN_TYPE = YES_ERROR;
				GCC_WARN_UNDECLARED_SELECTOR = YES;
				GCC_WARN_UNINITIALIZED_AUTOS = YES_AGGRESSIVE;
				GCC_WARN_UNUSED_FUNCTION = YES;
				GCC_WARN_UNUSED_VARIABLE = YES;
				IPHONEOS_DEPLOYMENT_TARGET = 12.2;
				MTL_ENABLE_DEBUG_INFO = NO;
				MTL_FAST_MATH = YES;
				SDKROOT = iphoneos;
				SWIFT_COMPILATION_MODE = wholemodule;
				SWIFT_OPTIMIZATION_LEVEL = "-O";
				VALIDATE_PRODUCT = YES;
			};
			name = Release;
		};
		8B9A08962286EB160002BEE5 /* Debug */ = {
			isa = XCBuildConfiguration;
			baseConfigurationReference = 87B6D79152EB5E75343C8677 /* Pods-ARCarstom.debug.xcconfig */;
			buildSettings = {
				ASSETCATALOG_COMPILER_APPICON_NAME = AppIcon;
				CODE_SIGN_IDENTITY = "iPhone Developer";
				CODE_SIGN_STYLE = Automatic;
				DEVELOPMENT_TEAM = ED8LYZC3M4;
				INFOPLIST_FILE = ARCarstom/Info.plist;
				LD_RUNPATH_SEARCH_PATHS = (
					"$(inherited)",
					"@executable_path/Frameworks",
				);
				PRODUCT_BUNDLE_IDENTIFIER = com.carstom.carstom;
				PRODUCT_NAME = "$(TARGET_NAME)";
				PROVISIONING_PROFILE_SPECIFIER = "";
				SWIFT_VERSION = 5.0;
				TARGETED_DEVICE_FAMILY = "1,2";
			};
			name = Debug;
		};
		8B9A08972286EB160002BEE5 /* Release */ = {
			isa = XCBuildConfiguration;
			baseConfigurationReference = 2DF95171F16519515772A046 /* Pods-ARCarstom.release.xcconfig */;
			buildSettings = {
				ASSETCATALOG_COMPILER_APPICON_NAME = AppIcon;
				CODE_SIGN_IDENTITY = "iPhone Developer";
				CODE_SIGN_STYLE = Automatic;
				DEVELOPMENT_TEAM = ED8LYZC3M4;
				INFOPLIST_FILE = ARCarstom/Info.plist;
				LD_RUNPATH_SEARCH_PATHS = (
					"$(inherited)",
					"@executable_path/Frameworks",
				);
				PRODUCT_BUNDLE_IDENTIFIER = com.carstom.carstom;
				PRODUCT_NAME = "$(TARGET_NAME)";
				PROVISIONING_PROFILE_SPECIFIER = "";
				SWIFT_VERSION = 5.0;
				TARGETED_DEVICE_FAMILY = "1,2";
			};
			name = Release;
		};
/* End XCBuildConfiguration section */

/* Begin XCConfigurationList section */
		8B9A087C2286EB160002BEE5 /* Build configuration list for PBXProject "ARCarstom" */ = {
			isa = XCConfigurationList;
			buildConfigurations = (
				8B9A08932286EB160002BEE5 /* Debug */,
				8B9A08942286EB160002BEE5 /* Release */,
			);
			defaultConfigurationIsVisible = 0;
			defaultConfigurationName = Release;
		};
		8B9A08952286EB160002BEE5 /* Build configuration list for PBXNativeTarget "ARCarstom" */ = {
			isa = XCConfigurationList;
			buildConfigurations = (
				8B9A08962286EB160002BEE5 /* Debug */,
				8B9A08972286EB160002BEE5 /* Release */,
			);
			defaultConfigurationIsVisible = 0;
			defaultConfigurationName = Release;
		};
/* End XCConfigurationList section */
	};
	rootObject = 8B9A08792286EB160002BEE5 /* Project object */;
}
